
Microsoft Visual Studio Solution File, Format Version 12.00
# Visual Studio Version 16
VisualStudioVersion = 16.0.30717.126
MinimumVisualStudioVersion = 10.0.40219.1
Project("{8BC9CEB8-8B4A-11D0-8D11-00A0C91BC942}") = "Arduino_GUI", "Arduino_GUI.vcxproj", "{9016F8C0-CD90-49A8-940E-5DEAEA868B56}"
EndProject
Project("{2150E333-8FDC-42A3-9474-1A3956D46DE8}") = "3rdparty", "3rdparty", "{02CFCD2A-A0DD-4DEF-BB56-4726B380D0B5}"
EndProject
Project("{2150E333-8FDC-42A3-9474-1A3956D46DE8}") = "CMakeTargets", "CMakeTargets", "{CE7DD0D8-39C3-40C0-A5F5-E9B15EEDEC3F}"
EndProject
Project("{2150E333-8FDC-42A3-9474-1A3956D46DE8}") = "dispatched", "dispatched", "{C4CCFD50-A4BC-4BB3-9094-54E0910F77B9}"
EndProject
Project("{2150E333-8FDC-42A3-9474-1A3956D46DE8}") = "extra", "extra", "{1938441A-574C-4468-9D7D-BFCB9D5CC587}"
EndProject
Project("{2150E333-8FDC-42A3-9474-1A3956D46DE8}") = "modules", "modules", "{773E1988-9EC9-41CF-BC78-D33459D7EC67}"
EndProject
Project("{8BC9CEB8-8B4A-11D0-8D11-00A0C91BC942}") = "ippiw", "opencv\build\VS2019\3rdparty\ippiw\ippiw.vcxproj", "{DEE9F7BE-5073-36D8-9650-0E9B9A316A45}"
EndProject
Project("{8BC9CEB8-8B4A-11D0-8D11-00A0C91BC942}") = "ittnotify", "opencv\build\VS2019\3rdparty\ittnotify\ittnotify.vcxproj", "{8AD49D75-78F0-300D-A7CE-D1DF2D6BBB14}"
EndProject
Project("{8BC9CEB8-8B4A-11D0-8D11-00A0C91BC942}") = "IlmImf", "opencv\build\VS2019\3rdparty\openexr\IlmImf.vcxproj", "{9ECE6E92-01ED-3187-9E4A-0AB32DC5197A}"
EndProject
Project("{8BC9CEB8-8B4A-11D0-8D11-00A0C91BC942}") = "libpng", "opencv\build\VS2019\3rdparty\libpng\libpng.vcxproj", "{35F87B8A-DEEC-307D-BA81-7B3822D22535}"
EndProject
Project("{8BC9CEB8-8B4A-11D0-8D11-00A0C91BC942}") = "libwebp", "opencv\build\VS2019\3rdparty\libwebp\libwebp.vcxproj", "{FB946A4D-E0B5-3E76-8854-5054DD53F3EF}"
EndProject
Project("{8BC9CEB8-8B4A-11D0-8D11-00A0C91BC942}") = "libprotobuf", "opencv\build\VS2019\3rdparty\protobuf\libprotobuf.vcxproj", "{7A7D44C5-DD2F-3798-808E-4C45C0B12718}"
EndProject
Project("{8BC9CEB8-8B4A-11D0-8D11-00A0C91BC942}") = "libtiff", "opencv\build\VS2019\3rdparty\libtiff\libtiff.vcxproj", "{E36A3EC8-087D-3637-BFE1-1585F5C27A0A}"
EndProject
Project("{8BC9CEB8-8B4A-11D0-8D11-00A0C91BC942}") = "zlib", "opencv\build\VS2019\3rdparty\zlib\zlib.vcxproj", "{8035CC87-6097-3656-B70E-D8A640CC90BB}"
EndProject
Project("{8BC9CEB8-8B4A-11D0-8D11-00A0C91BC942}") = "opencv_core_AVX", "opencv\build\VS2019\modules\core\opencv_core_AVX.vcxproj", "{B7A85467-8520-3751-A5ED-EC99CE8ADCAA}"
EndProject
Project("{8BC9CEB8-8B4A-11D0-8D11-00A0C91BC942}") = "opencv_core_AVX2", "opencv\build\VS2019\modules\core\opencv_core_AVX2.vcxproj", "{43574F3B-25FF-3919-8923-F5BDE2283793}"
EndProject
Project("{8BC9CEB8-8B4A-11D0-8D11-00A0C91BC942}") = "opencv_core_SSE4_1", "opencv\build\VS2019\modules\core\opencv_core_SSE4_1.vcxproj", "{4CFC9887-2C97-34EB-830A-4FAE6D2EDAD1}"
EndProject
Project("{8BC9CEB8-8B4A-11D0-8D11-00A0C91BC942}") = "opencv_core_SSE4_2", "opencv\build\VS2019\modules\core\opencv_core_SSE4_2.vcxproj", "{BFA9839A-1744-3854-B412-0636DB82F06F}"
EndProject
Project("{8BC9CEB8-8B4A-11D0-8D11-00A0C91BC942}") = "opencv_dnn_AVX", "opencv\build\VS2019\modules\dnn\opencv_dnn_AVX.vcxproj", "{2A36712A-9191-30E7-BD5C-F37597C9492C}"
EndProject
Project("{8BC9CEB8-8B4A-11D0-8D11-00A0C91BC942}") = "opencv_dnn_AVX2", "opencv\build\VS2019\modules\dnn\opencv_dnn_AVX2.vcxproj", "{787D5567-61F7-3739-ACEB-C42BA5C9686D}"
EndProject
Project("{8BC9CEB8-8B4A-11D0-8D11-00A0C91BC942}") = "opencv_features2d_AVX2", "opencv\build\VS2019\modules\features2d\opencv_features2d_AVX2.vcxproj", "{6A00B1B1-2D4F-3156-85FA-34F218EFCEDF}"
EndProject
Project("{8BC9CEB8-8B4A-11D0-8D11-00A0C91BC942}") = "opencv_imgproc_AVX", "opencv\build\VS2019\modules\imgproc\opencv_imgproc_AVX.vcxproj", "{B7960A72-B69B-3150-9C91-2F86ED3527B3}"
EndProject
Project("{8BC9CEB8-8B4A-11D0-8D11-00A0C91BC942}") = "opencv_imgproc_AVX2", "opencv\build\VS2019\modules\imgproc\opencv_imgproc_AVX2.vcxproj", "{CDD63C65-9975-3919-BC96-FBCEED8711D1}"
EndProject
Project("{8BC9CEB8-8B4A-11D0-8D11-00A0C91BC942}") = "opencv_imgproc_SSE4_1", "opencv\build\VS2019\modules\imgproc\opencv_imgproc_SSE4_1.vcxproj", "{D36B69B4-17B5-37EB-951E-0FCE6F0CD009}"
EndProject
Project("{8BC9CEB8-8B4A-11D0-8D11-00A0C91BC942}") = "opencv_calib3d", "opencv\build\VS2019\modules\calib3d\opencv_calib3d.vcxproj", "{064214FB-DB1B-3735-9039-84ACD2F29DCC}"
EndProject
Project("{8BC9CEB8-8B4A-11D0-8D11-00A0C91BC942}") = "opencv_modules", "opencv\build\VS2019\opencv_modules.vcxproj", "{4D7EAD7F-354B-30C2-8AC9-6D57B4CBA9AB}"
EndProject
Project("{8BC9CEB8-8B4A-11D0-8D11-00A0C91BC942}") = "opencv_core", "opencv\build\VS2019\modules\core\opencv_core.vcxproj", "{7FD304F2-398B-348B-BDA8-225157208F78}"
EndProject
Project("{8BC9CEB8-8B4A-11D0-8D11-00A0C91BC942}") = "opencv_dnn", "opencv\build\VS2019\modules\dnn\opencv_dnn.vcxproj", "{8628131D-C8DD-3CD0-A5D8-6D0E353F68B7}"
EndProject
Project("{8BC9CEB8-8B4A-11D0-8D11-00A0C91BC942}") = "opencv_features2d", "opencv\build\VS2019\modules\features2d\opencv_features2d.vcxproj", "{1BFAD6D4-7F3D-3BA2-8D8B-DDF96AAE41F3}"
EndProject
Project("{8BC9CEB8-8B4A-11D0-8D11-00A0C91BC942}") = "opencv_flann", "opencv\build\VS2019\modules\flann\opencv_flann.vcxproj", "{3FA1D26C-9DDB-3434-A031-7925225390BD}"
EndProject
Project("{8BC9CEB8-8B4A-11D0-8D11-00A0C91BC942}") = "opencv_highgui", "opencv\build\VS2019\modules\highgui\opencv_highgui.vcxproj", "{609C2F8E-EC26-3C6F-96B1-C8A071CD6EE1}"
EndProject
Project("{8BC9CEB8-8B4A-11D0-8D11-00A0C91BC942}") = "opencv_imgcodecs", "opencv\build\VS2019\modules\imgcodecs\opencv_imgcodecs.vcxproj", "{8970F457-472D-383F-AAE6-3C332D35ED78}"
EndProject
Project("{8BC9CEB8-8B4A-11D0-8D11-00A0C91BC942}") = "opencv_imgproc", "opencv\build\VS2019\modules\imgproc\opencv_imgproc.vcxproj", "{3A2A275D-01DF-3B12-A5CC-D895D4E6420A}"
EndProject
Project("{8BC9CEB8-8B4A-11D0-8D11-00A0C91BC942}") = "opencv_ml", "opencv\build\VS2019\modules\ml\opencv_ml.vcxproj", "{76585D47-50D1-3B24-B581-C7A6C083CE50}"
EndProject
Project("{8BC9CEB8-8B4A-11D0-8D11-00A0C91BC942}") = "opencv_objdetect", "opencv\build\VS2019\modules\objdetect\opencv_objdetect.vcxproj", "{ED172818-FF76-3DAC-AC67-A38B5BC85A55}"
EndProject
Project("{8BC9CEB8-8B4A-11D0-8D11-00A0C91BC942}") = "opencv_photo", "opencv\build\VS2019\modules\photo\opencv_photo.vcxproj", "{5CAFB4A1-DBC1-3ABF-87E3-70765E2888BB}"
EndProject
Project("{8BC9CEB8-8B4A-11D0-8D11-00A0C91BC942}") = "opencv_shape", "opencv\build\VS2019\modules\shape\opencv_shape.vcxproj", "{6863F5D7-A4C7-3F60-A359-727E63C1C28F}"
EndProject
Project("{8BC9CEB8-8B4A-11D0-8D11-00A0C91BC942}") = "opencv_stitching", "opencv\build\VS2019\modules\stitching\opencv_stitching.vcxproj", "{851F61B3-0EF3-3CCA-825D-038CF93E7F89}"
EndProject
Project("{8BC9CEB8-8B4A-11D0-8D11-00A0C91BC942}") = "opencv_superres", "opencv\build\VS2019\modules\superres\opencv_superres.vcxproj", "{E8714EB1-5A09-3C13-8622-416CC1E2553A}"
EndProject
Project("{8BC9CEB8-8B4A-11D0-8D11-00A0C91BC942}") = "opencv_video", "opencv\build\VS2019\modules\video\opencv_video.vcxproj", "{239B271C-3CA8-3296-9310-6797736F900C}"
EndProject
Project("{8BC9CEB8-8B4A-11D0-8D11-00A0C91BC942}") = "opencv_videoio", "opencv\build\VS2019\modules\videoio\opencv_videoio.vcxproj", "{BD5C15CD-9928-3FE9-A5CC-6C9613442981}"
EndProject
Project("{8BC9CEB8-8B4A-11D0-8D11-00A0C91BC942}") = "opencv_videostab", "opencv\build\VS2019\modules\videostab\opencv_videostab.vcxproj", "{C3BED695-BE20-3F96-84C6-96C7FB4B3887}"
EndProject
Project("{8BC9CEB8-8B4A-11D0-8D11-00A0C91BC942}") = "ZERO_CHECK", "opencv\build\VS2019\ZERO_CHECK.vcxproj", "{08AE63C3-E0AA-3ED3-A5DA-1F082153C943}"
EndProject
Project("{8BC9CEB8-8B4A-11D0-8D11-00A0C91BC942}") = "ALL_BUILD", "opencv\build\VS2019\ALL_BUILD.vcxproj", "{34A4B116-DEB8-3F37-9C6A-FB6787DBA6D5}"
EndProject
Project("{8BC9CEB8-8B4A-11D0-8D11-00A0C91BC942}") = "opencv_face", "opencv\build\VS2019\modules\face\opencv_face.vcxproj", "{8CC95733-CAD3-3036-A5A6-8D4DF508E303}"
EndProject
Project("{8BC9CEB8-8B4A-11D0-8D11-00A0C91BC942}") = "libjpeg-turbo", "opencv\build\VS2019\3rdparty\libjpeg-turbo\libjpeg-turbo.vcxproj", "{731F3A1D-AD57-3F2A-99DF-DC6767F02CBA}"
EndProject
Global
	GlobalSection(SolutionConfigurationPlatforms) = preSolution
		Debug|x64 = Debug|x64
		Release|x64 = Release|x64
	EndGlobalSection
	GlobalSection(ProjectConfigurationPlatforms) = postSolution
		{9016F8C0-CD90-49A8-940E-5DEAEA868B56}.Debug|x64.ActiveCfg = Debug|x64
		{9016F8C0-CD90-49A8-940E-5DEAEA868B56}.Debug|x64.Build.0 = Debug|x64
		{9016F8C0-CD90-49A8-940E-5DEAEA868B56}.Release|x64.ActiveCfg = Release|x64
		{9016F8C0-CD90-49A8-940E-5DEAEA868B56}.Release|x64.Build.0 = Release|x64
		{DEE9F7BE-5073-36D8-9650-0E9B9A316A45}.Debug|x64.ActiveCfg = Debug|x64
		{DEE9F7BE-5073-36D8-9650-0E9B9A316A45}.Debug|x64.Build.0 = Debug|x64
		{DEE9F7BE-5073-36D8-9650-0E9B9A316A45}.Release|x64.ActiveCfg = Release|x64
		{DEE9F7BE-5073-36D8-9650-0E9B9A316A45}.Release|x64.Build.0 = Release|x64
		{8AD49D75-78F0-300D-A7CE-D1DF2D6BBB14}.Debug|x64.ActiveCfg = Debug|x64
		{8AD49D75-78F0-300D-A7CE-D1DF2D6BBB14}.Debug|x64.Build.0 = Debug|x64
		{8AD49D75-78F0-300D-A7CE-D1DF2D6BBB14}.Release|x64.ActiveCfg = Release|x64
		{8AD49D75-78F0-300D-A7CE-D1DF2D6BBB14}.Release|x64.Build.0 = Release|x64
		{9ECE6E92-01ED-3187-9E4A-0AB32DC5197A}.Debug|x64.ActiveCfg = Debug|x64
		{9ECE6E92-01ED-3187-9E4A-0AB32DC5197A}.Debug|x64.Build.0 = Debug|x64
		{9ECE6E92-01ED-3187-9E4A-0AB32DC5197A}.Release|x64.ActiveCfg = Release|x64
		{9ECE6E92-01ED-3187-9E4A-0AB32DC5197A}.Release|x64.Build.0 = Release|x64
		{35F87B8A-DEEC-307D-BA81-7B3822D22535}.Debug|x64.ActiveCfg = Debug|x64
		{35F87B8A-DEEC-307D-BA81-7B3822D22535}.Debug|x64.Build.0 = Debug|x64
		{35F87B8A-DEEC-307D-BA81-7B3822D22535}.Release|x64.ActiveCfg = Release|x64
		{35F87B8A-DEEC-307D-BA81-7B3822D22535}.Release|x64.Build.0 = Release|x64
		{FB946A4D-E0B5-3E76-8854-5054DD53F3EF}.Debug|x64.ActiveCfg = Debug|x64
		{FB946A4D-E0B5-3E76-8854-5054DD53F3EF}.Debug|x64.Build.0 = Debug|x64
		{FB946A4D-E0B5-3E76-8854-5054DD53F3EF}.Release|x64.ActiveCfg = Release|x64
		{FB946A4D-E0B5-3E76-8854-5054DD53F3EF}.Release|x64.Build.0 = Release|x64
		{7A7D44C5-DD2F-3798-808E-4C45C0B12718}.Debug|x64.ActiveCfg = Debug|x64
		{7A7D44C5-DD2F-3798-808E-4C45C0B12718}.Debug|x64.Build.0 = Debug|x64
		{7A7D44C5-DD2F-3798-808E-4C45C0B12718}.Release|x64.ActiveCfg = Release|x64
		{7A7D44C5-DD2F-3798-808E-4C45C0B12718}.Release|x64.Build.0 = Release|x64
		{E36A3EC8-087D-3637-BFE1-1585F5C27A0A}.Debug|x64.ActiveCfg = Debug|x64
		{E36A3EC8-087D-3637-BFE1-1585F5C27A0A}.Debug|x64.Build.0 = Debug|x64
		{E36A3EC8-087D-3637-BFE1-1585F5C27A0A}.Release|x64.ActiveCfg = Release|x64
		{E36A3EC8-087D-3637-BFE1-1585F5C27A0A}.Release|x64.Build.0 = Release|x64
		{8035CC87-6097-3656-B70E-D8A640CC90BB}.Debug|x64.ActiveCfg = Debug|x64
		{8035CC87-6097-3656-B70E-D8A640CC90BB}.Debug|x64.Build.0 = Debug|x64
		{8035CC87-6097-3656-B70E-D8A640CC90BB}.Release|x64.ActiveCfg = Release|x64
		{8035CC87-6097-3656-B70E-D8A640CC90BB}.Release|x64.Build.0 = Release|x64
		{B7A85467-8520-3751-A5ED-EC99CE8ADCAA}.Debug|x64.ActiveCfg = Debug|x64
		{B7A85467-8520-3751-A5ED-EC99CE8ADCAA}.Debug|x64.Build.0 = Debug|x64
		{B7A85467-8520-3751-A5ED-EC99CE8ADCAA}.Release|x64.ActiveCfg = Release|x64
		{B7A85467-8520-3751-A5ED-EC99CE8ADCAA}.Release|x64.Build.0 = Release|x64
		{43574F3B-25FF-3919-8923-F5BDE2283793}.Debug|x64.ActiveCfg = Debug|x64
		{43574F3B-25FF-3919-8923-F5BDE2283793}.Debug|x64.Build.0 = Debug|x64
		{43574F3B-25FF-3919-8923-F5BDE2283793}.Release|x64.ActiveCfg = Release|x64
		{43574F3B-25FF-3919-8923-F5BDE2283793}.Release|x64.Build.0 = Release|x64
		{4CFC9887-2C97-34EB-830A-4FAE6D2EDAD1}.Debug|x64.ActiveCfg = Debug|x64
		{4CFC9887-2C97-34EB-830A-4FAE6D2EDAD1}.Debug|x64.Build.0 = Debug|x64
		{4CFC9887-2C97-34EB-830A-4FAE6D2EDAD1}.Release|x64.ActiveCfg = Release|x64
		{4CFC9887-2C97-34EB-830A-4FAE6D2EDAD1}.Release|x64.Build.0 = Release|x64
		{BFA9839A-1744-3854-B412-0636DB82F06F}.Debug|x64.ActiveCfg = Debug|x64
		{BFA9839A-1744-3854-B412-0636DB82F06F}.Debug|x64.Build.0 = Debug|x64
		{BFA9839A-1744-3854-B412-0636DB82F06F}.Release|x64.ActiveCfg = Release|x64
		{BFA9839A-1744-3854-B412-0636DB82F06F}.Release|x64.Build.0 = Release|x64
		{2A36712A-9191-30E7-BD5C-F37597C9492C}.Debug|x64.ActiveCfg = Debug|x64
		{2A36712A-9191-30E7-BD5C-F37597C9492C}.Debug|x64.Build.0 = Debug|x64
		{2A36712A-9191-30E7-BD5C-F37597C9492C}.Release|x64.ActiveCfg = Release|x64
		{2A36712A-9191-30E7-BD5C-F37597C9492C}.Release|x64.Build.0 = Release|x64
		{787D5567-61F7-3739-ACEB-C42BA5C9686D}.Debug|x64.ActiveCfg = Debug|x64
		{787D5567-61F7-3739-ACEB-C42BA5C9686D}.Debug|x64.Build.0 = Debug|x64
		{787D5567-61F7-3739-ACEB-C42BA5C9686D}.Release|x64.ActiveCfg = Release|x64
		{787D5567-61F7-3739-ACEB-C42BA5C9686D}.Release|x64.Build.0 = Release|x64
		{6A00B1B1-2D4F-3156-85FA-34F218EFCEDF}.Debug|x64.ActiveCfg = Debug|x64
		{6A00B1B1-2D4F-3156-85FA-34F218EFCEDF}.Debug|x64.Build.0 = Debug|x64
		{6A00B1B1-2D4F-3156-85FA-34F218EFCEDF}.Release|x64.ActiveCfg = Release|x64
		{6A00B1B1-2D4F-3156-85FA-34F218EFCEDF}.Release|x64.Build.0 = Release|x64
		{B7960A72-B69B-3150-9C91-2F86ED3527B3}.Debug|x64.ActiveCfg = Debug|x64
		{B7960A72-B69B-3150-9C91-2F86ED3527B3}.Debug|x64.Build.0 = Debug|x64
		{B7960A72-B69B-3150-9C91-2F86ED3527B3}.Release|x64.ActiveCfg = Release|x64
		{B7960A72-B69B-3150-9C91-2F86ED3527B3}.Release|x64.Build.0 = Release|x64
		{CDD63C65-9975-3919-BC96-FBCEED8711D1}.Debug|x64.ActiveCfg = Debug|x64
		{CDD63C65-9975-3919-BC96-FBCEED8711D1}.Debug|x64.Build.0 = Debug|x64
		{CDD63C65-9975-3919-BC96-FBCEED8711D1}.Release|x64.ActiveCfg = Release|x64
		{CDD63C65-9975-3919-BC96-FBCEED8711D1}.Release|x64.Build.0 = Release|x64
		{D36B69B4-17B5-37EB-951E-0FCE6F0CD009}.Debug|x64.ActiveCfg = Debug|x64
		{D36B69B4-17B5-37EB-951E-0FCE6F0CD009}.Debug|x64.Build.0 = Debug|x64
		{D36B69B4-17B5-37EB-951E-0FCE6F0CD009}.Release|x64.ActiveCfg = Release|x64
		{D36B69B4-17B5-37EB-951E-0FCE6F0CD009}.Release|x64.Build.0 = Release|x64
		{064214FB-DB1B-3735-9039-84ACD2F29DCC}.Debug|x64.ActiveCfg = Debug|x64
		{064214FB-DB1B-3735-9039-84ACD2F29DCC}.Debug|x64.Build.0 = Debug|x64
		{064214FB-DB1B-3735-9039-84ACD2F29DCC}.Release|x64.ActiveCfg = Release|x64
		{064214FB-DB1B-3735-9039-84ACD2F29DCC}.Release|x64.Build.0 = Release|x64
		{4D7EAD7F-354B-30C2-8AC9-6D57B4CBA9AB}.Debug|x64.ActiveCfg = Debug|x64
		{4D7EAD7F-354B-30C2-8AC9-6D57B4CBA9AB}.Debug|x64.Build.0 = Debug|x64
		{4D7EAD7F-354B-30C2-8AC9-6D57B4CBA9AB}.Release|x64.ActiveCfg = Release|x64
		{4D7EAD7F-354B-30C2-8AC9-6D57B4CBA9AB}.Release|x64.Build.0 = Release|x64
		{7FD304F2-398B-348B-BDA8-225157208F78}.Debug|x64.ActiveCfg = Debug|x64
		{7FD304F2-398B-348B-BDA8-225157208F78}.Debug|x64.Build.0 = Debug|x64
		{7FD304F2-398B-348B-BDA8-225157208F78}.Release|x64.ActiveCfg = Release|x64
		{7FD304F2-398B-348B-BDA8-225157208F78}.Release|x64.Build.0 = Release|x64
		{8628131D-C8DD-3CD0-A5D8-6D0E353F68B7}.Debug|x64.ActiveCfg = Debug|x64
		{8628131D-C8DD-3CD0-A5D8-6D0E353F68B7}.Debug|x64.Build.0 = Debug|x64
		{8628131D-C8DD-3CD0-A5D8-6D0E353F68B7}.Release|x64.ActiveCfg = Release|x64
		{8628131D-C8DD-3CD0-A5D8-6D0E353F68B7}.Release|x64.Build.0 = Release|x64
		{1BFAD6D4-7F3D-3BA2-8D8B-DDF96AAE41F3}.Debug|x64.ActiveCfg = Debug|x64
		{1BFAD6D4-7F3D-3BA2-8D8B-DDF96AAE41F3}.Debug|x64.Build.0 = Debug|x64
		{1BFAD6D4-7F3D-3BA2-8D8B-DDF96AAE41F3}.Release|x64.ActiveCfg = Release|x64
		{1BFAD6D4-7F3D-3BA2-8D8B-DDF96AAE41F3}.Release|x64.Build.0 = Release|x64
		{3FA1D26C-9DDB-3434-A031-7925225390BD}.Debug|x64.ActiveCfg = Debug|x64
		{3FA1D26C-9DDB-3434-A031-7925225390BD}.Debug|x64.Build.0 = Debug|x64
		{3FA1D26C-9DDB-3434-A031-7925225390BD}.Release|x64.ActiveCfg = Release|x64
		{3FA1D26C-9DDB-3434-A031-7925225390BD}.Release|x64.Build.0 = Release|x64
		{609C2F8E-EC26-3C6F-96B1-C8A071CD6EE1}.Debug|x64.ActiveCfg = Debug|x64
		{609C2F8E-EC26-3C6F-96B1-C8A071CD6EE1}.Debug|x64.Build.0 = Debug|x64
		{609C2F8E-EC26-3C6F-96B1-C8A071CD6EE1}.Release|x64.ActiveCfg = Release|x64
		{609C2F8E-EC26-3C6F-96B1-C8A071CD6EE1}.Release|x64.Build.0 = Release|x64
		{8970F457-472D-383F-AAE6-3C332D35ED78}.Debug|x64.ActiveCfg = Debug|x64
		{8970F457-472D-383F-AAE6-3C332D35ED78}.Debug|x64.Build.0 = Debug|x64
		{8970F457-472D-383F-AAE6-3C332D35ED78}.Release|x64.ActiveCfg = Release|x64
		{8970F457-472D-383F-AAE6-3C332D35ED78}.Release|x64.Build.0 = Release|x64
		{3A2A275D-01DF-3B12-A5CC-D895D4E6420A}.Debug|x64.ActiveCfg = Debug|x64
		{3A2A275D-01DF-3B12-A5CC-D895D4E6420A}.Debug|x64.Build.0 = Debug|x64
		{3A2A275D-01DF-3B12-A5CC-D895D4E6420A}.Release|x64.ActiveCfg = Release|x64
		{3A2A275D-01DF-3B12-A5CC-D895D4E6420A}.Release|x64.Build.0 = Release|x64
		{76585D47-50D1-3B24-B581-C7A6C083CE50}.Debug|x64.ActiveCfg = Debug|x64
		{76585D47-50D1-3B24-B581-C7A6C083CE50}.Debug|x64.Build.0 = Debug|x64
		{76585D47-50D1-3B24-B581-C7A6C083CE50}.Release|x64.ActiveCfg = Release|x64
		{76585D47-50D1-3B24-B581-C7A6C083CE50}.Release|x64.Build.0 = Release|x64
		{ED172818-FF76-3DAC-AC67-A38B5BC85A55}.Debug|x64.ActiveCfg = Debug|x64
		{ED172818-FF76-3DAC-AC67-A38B5BC85A55}.Debug|x64.Build.0 = Debug|x64
		{ED172818-FF76-3DAC-AC67-A38B5BC85A55}.Release|x64.ActiveCfg = Release|x64
		{ED172818-FF76-3DAC-AC67-A38B5BC85A55}.Release|x64.Build.0 = Release|x64
		{5CAFB4A1-DBC1-3ABF-87E3-70765E2888BB}.Debug|x64.ActiveCfg = Debug|x64
		{5CAFB4A1-DBC1-3ABF-87E3-70765E2888BB}.Debug|x64.Build.0 = Debug|x64
		{5CAFB4A1-DBC1-3ABF-87E3-70765E2888BB}.Release|x64.ActiveCfg = Release|x64
		{5CAFB4A1-DBC1-3ABF-87E3-70765E2888BB}.Release|x64.Build.0 = Release|x64
		{6863F5D7-A4C7-3F60-A359-727E63C1C28F}.Debug|x64.ActiveCfg = Debug|x64
		{6863F5D7-A4C7-3F60-A359-727E63C1C28F}.Debug|x64.Build.0 = Debug|x64
		{6863F5D7-A4C7-3F60-A359-727E63C1C28F}.Release|x64.ActiveCfg = Release|x64
		{6863F5D7-A4C7-3F60-A359-727E63C1C28F}.Release|x64.Build.0 = Release|x64
		{851F61B3-0EF3-3CCA-825D-038CF93E7F89}.Debug|x64.ActiveCfg = Debug|x64
		{851F61B3-0EF3-3CCA-825D-038CF93E7F89}.Debug|x64.Build.0 = Debug|x64
		{851F61B3-0EF3-3CCA-825D-038CF93E7F89}.Release|x64.ActiveCfg = Release|x64
		{851F61B3-0EF3-3CCA-825D-038CF93E7F89}.Release|x64.Build.0 = Release|x64
		{E8714EB1-5A09-3C13-8622-416CC1E2553A}.Debug|x64.ActiveCfg = Debug|x64
		{E8714EB1-5A09-3C13-8622-416CC1E2553A}.Debug|x64.Build.0 = Debug|x64
		{E8714EB1-5A09-3C13-8622-416CC1E2553A}.Release|x64.ActiveCfg = Release|x64
		{E8714EB1-5A09-3C13-8622-416CC1E2553A}.Release|x64.Build.0 = Release|x64
		{239B271C-3CA8-3296-9310-6797736F900C}.Debug|x64.ActiveCfg = Debug|x64
		{239B271C-3CA8-3296-9310-6797736F900C}.Debug|x64.Build.0 = Debug|x64
		{239B271C-3CA8-3296-9310-6797736F900C}.Release|x64.ActiveCfg = Release|x64
		{239B271C-3CA8-3296-9310-6797736F900C}.Release|x64.Build.0 = Release|x64
		{BD5C15CD-9928-3FE9-A5CC-6C9613442981}.Debug|x64.ActiveCfg = Debug|x64
		{BD5C15CD-9928-3FE9-A5CC-6C9613442981}.Debug|x64.Build.0 = Debug|x64
		{BD5C15CD-9928-3FE9-A5CC-6C9613442981}.Release|x64.ActiveCfg = Release|x64
		{BD5C15CD-9928-3FE9-A5CC-6C9613442981}.Release|x64.Build.0 = Release|x64
		{C3BED695-BE20-3F96-84C6-96C7FB4B3887}.Debug|x64.ActiveCfg = Debug|x64
		{C3BED695-BE20-3F96-84C6-96C7FB4B3887}.Debug|x64.Build.0 = Debug|x64
		{C3BED695-BE20-3F96-84C6-96C7FB4B3887}.Release|x64.ActiveCfg = Release|x64
		{C3BED695-BE20-3F96-84C6-96C7FB4B3887}.Release|x64.Build.0 = Release|x64
		{08AE63C3-E0AA-3ED3-A5DA-1F082153C943}.Debug|x64.ActiveCfg = Debug|x64
		{08AE63C3-E0AA-3ED3-A5DA-1F082153C943}.Debug|x64.Build.0 = Debug|x64
		{08AE63C3-E0AA-3ED3-A5DA-1F082153C943}.Release|x64.ActiveCfg = Release|x64
		{08AE63C3-E0AA-3ED3-A5DA-1F082153C943}.Release|x64.Build.0 = Release|x64
		{34A4B116-DEB8-3F37-9C6A-FB6787DBA6D5}.Debug|x64.ActiveCfg = Debug|x64
		{34A4B116-DEB8-3F37-9C6A-FB6787DBA6D5}.Debug|x64.Build.0 = Debug|x64
		{34A4B116-DEB8-3F37-9C6A-FB6787DBA6D5}.Release|x64.ActiveCfg = Release|x64
		{34A4B116-DEB8-3F37-9C6A-FB6787DBA6D5}.Release|x64.Build.0 = Release|x64
		{8CC95733-CAD3-3036-A5A6-8D4DF508E303}.Debug|x64.ActiveCfg = Debug|x64
		{8CC95733-CAD3-3036-A5A6-8D4DF508E303}.Debug|x64.Build.0 = Debug|x64
		{8CC95733-CAD3-3036-A5A6-8D4DF508E303}.Release|x64.ActiveCfg = Release|x64
		{8CC95733-CAD3-3036-A5A6-8D4DF508E303}.Release|x64.Build.0 = Release|x64
		{731F3A1D-AD57-3F2A-99DF-DC6767F02CBA}.Debug|x64.ActiveCfg = Debug|x64
		{731F3A1D-AD57-3F2A-99DF-DC6767F02CBA}.Debug|x64.Build.0 = Debug|x64
		{731F3A1D-AD57-3F2A-99DF-DC6767F02CBA}.Release|x64.ActiveCfg = Release|x64
		{731F3A1D-AD57-3F2A-99DF-DC6767F02CBA}.Release|x64.Build.0 = Release|x64
	EndGlobalSection
	GlobalSection(SolutionProperties) = preSolution
		HideSolutionNode = FALSE
	EndGlobalSection
	GlobalSection(NestedProjects) = preSolution
		{DEE9F7BE-5073-36D8-9650-0E9B9A316A45} = {02CFCD2A-A0DD-4DEF-BB56-4726B380D0B5}
		{8AD49D75-78F0-300D-A7CE-D1DF2D6BBB14} = {02CFCD2A-A0DD-4DEF-BB56-4726B380D0B5}
		{9ECE6E92-01ED-3187-9E4A-0AB32DC5197A} = {02CFCD2A-A0DD-4DEF-BB56-4726B380D0B5}
		{35F87B8A-DEEC-307D-BA81-7B3822D22535} = {02CFCD2A-A0DD-4DEF-BB56-4726B380D0B5}
		{FB946A4D-E0B5-3E76-8854-5054DD53F3EF} = {02CFCD2A-A0DD-4DEF-BB56-4726B380D0B5}
		{7A7D44C5-DD2F-3798-808E-4C45C0B12718} = {02CFCD2A-A0DD-4DEF-BB56-4726B380D0B5}
		{E36A3EC8-087D-3637-BFE1-1585F5C27A0A} = {02CFCD2A-A0DD-4DEF-BB56-4726B380D0B5}
		{8035CC87-6097-3656-B70E-D8A640CC90BB} = {02CFCD2A-A0DD-4DEF-BB56-4726B380D0B5}
		{B7A85467-8520-3751-A5ED-EC99CE8ADCAA} = {C4CCFD50-A4BC-4BB3-9094-54E0910F77B9}
		{43574F3B-25FF-3919-8923-F5BDE2283793} = {C4CCFD50-A4BC-4BB3-9094-54E0910F77B9}
		{4CFC9887-2C97-34EB-830A-4FAE6D2EDAD1} = {C4CCFD50-A4BC-4BB3-9094-54E0910F77B9}
		{BFA9839A-1744-3854-B412-0636DB82F06F} = {C4CCFD50-A4BC-4BB3-9094-54E0910F77B9}
		{2A36712A-9191-30E7-BD5C-F37597C9492C} = {C4CCFD50-A4BC-4BB3-9094-54E0910F77B9}
		{787D5567-61F7-3739-ACEB-C42BA5C9686D} = {C4CCFD50-A4BC-4BB3-9094-54E0910F77B9}
		{6A00B1B1-2D4F-3156-85FA-34F218EFCEDF} = {C4CCFD50-A4BC-4BB3-9094-54E0910F77B9}
		{B7960A72-B69B-3150-9C91-2F86ED3527B3} = {C4CCFD50-A4BC-4BB3-9094-54E0910F77B9}
		{CDD63C65-9975-3919-BC96-FBCEED8711D1} = {C4CCFD50-A4BC-4BB3-9094-54E0910F77B9}
		{D36B69B4-17B5-37EB-951E-0FCE6F0CD009} = {C4CCFD50-A4BC-4BB3-9094-54E0910F77B9}
		{064214FB-DB1B-3735-9039-84ACD2F29DCC} = {773E1988-9EC9-41CF-BC78-D33459D7EC67}
		{4D7EAD7F-354B-30C2-8AC9-6D57B4CBA9AB} = {1938441A-574C-4468-9D7D-BFCB9D5CC587}
		{7FD304F2-398B-348B-BDA8-225157208F78} = {773E1988-9EC9-41CF-BC78-D33459D7EC67}
		{8628131D-C8DD-3CD0-A5D8-6D0E353F68B7} = {773E1988-9EC9-41CF-BC78-D33459D7EC67}
		{1BFAD6D4-7F3D-3BA2-8D8B-DDF96AAE41F3} = {773E1988-9EC9-41CF-BC78-D33459D7EC67}
		{3FA1D26C-9DDB-3434-A031-7925225390BD} = {773E1988-9EC9-41CF-BC78-D33459D7EC67}
		{609C2F8E-EC26-3C6F-96B1-C8A071CD6EE1} = {773E1988-9EC9-41CF-BC78-D33459D7EC67}
		{8970F457-472D-383F-AAE6-3C332D35ED78} = {773E1988-9EC9-41CF-BC78-D33459D7EC67}
		{3A2A275D-01DF-3B12-A5CC-D895D4E6420A} = {773E1988-9EC9-41CF-BC78-D33459D7EC67}
		{76585D47-50D1-3B24-B581-C7A6C083CE50} = {773E1988-9EC9-41CF-BC78-D33459D7EC67}
		{ED172818-FF76-3DAC-AC67-A38B5BC85A55} = {773E1988-9EC9-41CF-BC78-D33459D7EC67}
		{5CAFB4A1-DBC1-3ABF-87E3-70765E2888BB} = {773E1988-9EC9-41CF-BC78-D33459D7EC67}
		{6863F5D7-A4C7-3F60-A359-727E63C1C28F} = {773E1988-9EC9-41CF-BC78-D33459D7EC67}
		{851F61B3-0EF3-3CCA-825D-038CF93E7F89} = {773E1988-9EC9-41CF-BC78-D33459D7EC67}
		{E8714EB1-5A09-3C13-8622-416CC1E2553A} = {773E1988-9EC9-41CF-BC78-D33459D7EC67}
		{239B271C-3CA8-3296-9310-6797736F900C} = {773E1988-9EC9-41CF-BC78-D33459D7EC67}
		{BD5C15CD-9928-3FE9-A5CC-6C9613442981} = {773E1988-9EC9-41CF-BC78-D33459D7EC67}
		{C3BED695-BE20-3F96-84C6-96C7FB4B3887} = {773E1988-9EC9-41CF-BC78-D33459D7EC67}
		{08AE63C3-E0AA-3ED3-A5DA-1F082153C943} = {CE7DD0D8-39C3-40C0-A5F5-E9B15EEDEC3F}
		{34A4B116-DEB8-3F37-9C6A-FB6787DBA6D5} = {CE7DD0D8-39C3-40C0-A5F5-E9B15EEDEC3F}
		{8CC95733-CAD3-3036-A5A6-8D4DF508E303} = {C4CCFD50-A4BC-4BB3-9094-54E0910F77B9}
		{731F3A1D-AD57-3F2A-99DF-DC6767F02CBA} = {02CFCD2A-A0DD-4DEF-BB56-4726B380D0B5}
	EndGlobalSection
	GlobalSection(ExtensibilityGlobals) = postSolution
		SolutionGuid = {5095B259-5973-492F-ACCE-78045AECD456}
	EndGlobalSection
EndGlobal
